// !$*UTF8*$!
{
	archiveVersion = 1;
	classes = {
	};
	objectVersion = 46;
	objects = {

/* Begin PBXBuildFile section */
		030FEF391B1DCC4A004C2F53 /* bee.png in Resources */ = {isa = PBXBuildFile; fileRef = 030FEF381B1DCC4A004C2F53 /* bee.png */; };
		03B37D681B1466510068D15F /* AppDelegate.swift in Sources */ = {isa = PBXBuildFile; fileRef = 03B37D671B1466510068D15F /* AppDelegate.swift */; };
		03B37D6A1B1466510068D15F /* ViewController.swift in Sources */ = {isa = PBXBuildFile; fileRef = 03B37D691B1466510068D15F /* ViewController.swift */; };
		03B37D6D1B1466510068D15F /* Main.storyboard in Resources */ = {isa = PBXBuildFile; fileRef = 03B37D6B1B1466510068D15F /* Main.storyboard */; };
		03B37D6F1B1466510068D15F /* Images.xcassets in Resources */ = {isa = PBXBuildFile; fileRef = 03B37D6E1B1466510068D15F /* Images.xcassets */; };
		03B37D721B1466510068D15F /* LaunchScreen.xib in Resources */ = {isa = PBXBuildFile; fileRef = 03B37D701B1466510068D15F /* LaunchScreen.xib */; };
		03B37D7E1B1466510068D15F /* RACameraTests.swift in Sources */ = {isa = PBXBuildFile; fileRef = 03B37D7D1B1466510068D15F /* RACameraTests.swift */; };
		03B37D881B147E7D0068D15F /* RAFilter.swift in Sources */ = {isa = PBXBuildFile; fileRef = 03B37D871B147E7D0068D15F /* RAFilter.swift */; };
		03B37D8A1B1C1D890068D15F /* logo.png in Resources */ = {isa = PBXBuildFile; fileRef = 03B37D891B1C1D890068D15F /* logo.png */; };
		03BDB4ED1B3A804900BD10F2 /* RAImage.swift in Sources */ = {isa = PBXBuildFile; fileRef = 03BDB4EC1B3A804900BD10F2 /* RAImage.swift */; };
		03C335D01B5C93C40054CA1D /* RACamera.swift in Sources */ = {isa = PBXBuildFile; fileRef = 03C335CF1B5C93C40054CA1D /* RACamera.swift */; };
/* End PBXBuildFile section */

/* Begin PBXContainerItemProxy section */
		03B37D781B1466510068D15F /* PBXContainerItemProxy */ = {
			isa = PBXContainerItemProxy;
			containerPortal = 03B37D5A1B1466510068D15F /* Project object */;
			proxyType = 1;
			remoteGlobalIDString = 03B37D611B1466510068D15F;
			remoteInfo = RACamera;
		};
/* End PBXContainerItemProxy section */

/* Begin PBXFileReference section */
		030FEF381B1DCC4A004C2F53 /* bee.png */ = {isa = PBXFileReference; lastKnownFileType = image.png; path = bee.png; sourceTree = "<group>"; };
		03B37D621B1466510068D15F /* RACamera.app */ = {isa = PBXFileReference; explicitFileType = wrapper.application; includeInIndex = 0; path = RACamera.app; sourceTree = BUILT_PRODUCTS_DIR; };
		03B37D661B1466510068D15F /* Info.plist */ = {isa = PBXFileReference; lastKnownFileType = text.plist.xml; path = Info.plist; sourceTree = "<group>"; };
		03B37D671B1466510068D15F /* AppDelegate.swift */ = {isa = PBXFileReference; lastKnownFileType = sourcecode.swift; path = AppDelegate.swift; sourceTree = "<group>"; };
		03B37D691B1466510068D15F /* ViewController.swift */ = {isa = PBXFileReference; lastKnownFileType = sourcecode.swift; path = ViewController.swift; sourceTree = "<group>"; };
		03B37D6C1B1466510068D15F /* Base */ = {isa = PBXFileReference; lastKnownFileType = file.storyboard; name = Base; path = Base.lproj/Main.storyboard; sourceTree = "<group>"; };
		03B37D6E1B1466510068D15F /* Images.xcassets */ = {isa = PBXFileReference; lastKnownFileType = folder.assetcatalog; path = Images.xcassets; sourceTree = "<group>"; };
		03B37D711B1466510068D15F /* Base */ = {isa = PBXFileReference; lastKnownFileType = file.xib; name = Base; path = Base.lproj/LaunchScreen.xib; sourceTree = "<group>"; };
		03B37D771B1466510068D15F /* RACameraTests.xctest */ = {isa = PBXFileReference; explicitFileType = wrapper.cfbundle; includeInIndex = 0; path = RACameraTests.xctest; sourceTree = BUILT_PRODUCTS_DIR; };
		03B37D7C1B1466510068D15F /* Info.plist */ = {isa = PBXFileReference; lastKnownFileType = text.plist.xml; path = Info.plist; sourceTree = "<group>"; };
		03B37D7D1B1466510068D15F /* RACameraTests.swift */ = {isa = PBXFileReference; lastKnownFileType = sourcecode.swift; path = RACameraTests.swift; sourceTree = "<group>"; };
		03B37D871B147E7D0068D15F /* RAFilter.swift */ = {isa = PBXFileReference; fileEncoding = 4; lastKnownFileType = sourcecode.swift; path = RAFilter.swift; sourceTree = "<group>"; };
		03B37D891B1C1D890068D15F /* logo.png */ = {isa = PBXFileReference; lastKnownFileType = image.png; path = logo.png; sourceTree = "<group>"; };
		03BDB4EC1B3A804900BD10F2 /* RAImage.swift */ = {isa = PBXFileReference; fileEncoding = 4; lastKnownFileType = sourcecode.swift; path = RAImage.swift; sourceTree = "<group>"; };
		03C335CF1B5C93C40054CA1D /* RACamera.swift */ = {isa = PBXFileReference; fileEncoding = 4; lastKnownFileType = sourcecode.swift; path = RACamera.swift; sourceTree = "<group>"; };
/* End PBXFileReference section */

/* Begin PBXFrameworksBuildPhase section */
		03B37D5F1B1466510068D15F /* Frameworks */ = {
			isa = PBXFrameworksBuildPhase;
			buildActionMask = 2147483647;
			files = (
			);
			runOnlyForDeploymentPostprocessing = 0;
		};
		03B37D741B1466510068D15F /* Frameworks */ = {
			isa = PBXFrameworksBuildPhase;
			buildActionMask = 2147483647;
			files = (
			);
			runOnlyForDeploymentPostprocessing = 0;
		};
/* End PBXFrameworksBuildPhase section */

/* Begin PBXGroup section */
		03B37D591B1466510068D15F = {
			isa = PBXGroup;
			children = (
				03B37D641B1466510068D15F /* RACamera */,
				03B37D7A1B1466510068D15F /* RACameraTests */,
				03B37D631B1466510068D15F /* Products */,
			);
			sourceTree = "<group>";
		};
		03B37D631B1466510068D15F /* Products */ = {
			isa = PBXGroup;
			children = (
				03B37D621B1466510068D15F /* RACamera.app */,
				03B37D771B1466510068D15F /* RACameraTests.xctest */,
			);
			name = Products;
			sourceTree = "<group>";
		};
		03B37D641B1466510068D15F /* RACamera */ = {
			isa = PBXGroup;
			children = (
				03B37D671B1466510068D15F /* AppDelegate.swift */,
				03B37D691B1466510068D15F /* ViewController.swift */,
				03B37D871B147E7D0068D15F /* RAFilter.swift */,
				03BDB4EC1B3A804900BD10F2 /* RAImage.swift */,
				03C335CF1B5C93C40054CA1D /* RACamera.swift */,
				03B37D6B1B1466510068D15F /* Main.storyboard */,
				03B37D891B1C1D890068D15F /* logo.png */,
				030FEF381B1DCC4A004C2F53 /* bee.png */,
				03B37D6E1B1466510068D15F /* Images.xcassets */,
				03B37D701B1466510068D15F /* LaunchScreen.xib */,
				03B37D651B1466510068D15F /* Supporting Files */,
			);
			path = RACamera;
			sourceTree = "<group>";
		};
		03B37D651B1466510068D15F /* Supporting Files */ = {
			isa = PBXGroup;
			children = (
				03B37D661B1466510068D15F /* Info.plist */,
			);
			name = "Supporting Files";
			sourceTree = "<group>";
		};
		03B37D7A1B1466510068D15F /* RACameraTests */ = {
			isa = PBXGroup;
			children = (
				03B37D7D1B1466510068D15F /* RACameraTests.swift */,
				03B37D7B1B1466510068D15F /* Supporting Files */,
			);
			path = RACameraTests;
			sourceTree = "<group>";
		};
		03B37D7B1B1466510068D15F /* Supporting Files */ = {
			isa = PBXGroup;
			children = (
				03B37D7C1B1466510068D15F /* Info.plist */,
			);
			name = "Supporting Files";
			sourceTree = "<group>";
		};
/* End PBXGroup section */

/* Begin PBXNativeTarget section */
		03B37D611B1466510068D15F /* RACamera */ = {
			isa = PBXNativeTarget;
			buildConfigurationList = 03B37D811B1466510068D15F /* Build configuration list for PBXNativeTarget "RACamera" */;
			buildPhases = (
				03B37D5E1B1466510068D15F /* Sources */,
				03B37D5F1B1466510068D15F /* Frameworks */,
				03B37D601B1466510068D15F /* Resources */,
			);
			buildRules = (
			);
			dependencies = (
			);
			name = RACamera;
			productName = RACamera;
			productReference = 03B37D621B1466510068D15F /* RACamera.app */;
			productType = "com.apple.product-type.application";
		};
		03B37D761B1466510068D15F /* RACameraTests */ = {
			isa = PBXNativeTarget;
			buildConfigurationList = 03B37D841B1466510068D15F /* Build configuration list for PBXNativeTarget "RACameraTests" */;
			buildPhases = (
				03B37D731B1466510068D15F /* Sources */,
				03B37D741B1466510068D15F /* Frameworks */,
				03B37D751B1466510068D15F /* Resources */,
			);
			buildRules = (
			);
			dependencies = (
				03B37D791B1466510068D15F /* PBXTargetDependency */,
			);
			name = RACameraTests;
			productName = RACameraTests;
			productReference = 03B37D771B1466510068D15F /* RACameraTests.xctest */;
			productType = "com.apple.product-type.bundle.unit-test";
		};
/* End PBXNativeTarget section */

/* Begin PBXProject section */
		03B37D5A1B1466510068D15F /* Project object */ = {
			isa = PBXProject;
			attributes = {
				LastSwiftUpdateCheck = 0700;
				LastUpgradeCheck = 0700;
				ORGANIZATIONNAME = RedApricot;
				TargetAttributes = {
					03B37D611B1466510068D15F = {
						CreatedOnToolsVersion = 6.3.2;
						DevelopmentTeam = 2F2M8D3PN7;
					};
					03B37D761B1466510068D15F = {
						CreatedOnToolsVersion = 6.3.2;
						TestTargetID = 03B37D611B1466510068D15F;
					};
				};
			};
			buildConfigurationList = 03B37D5D1B1466510068D15F /* Build configuration list for PBXProject "RACamera" */;
			compatibilityVersion = "Xcode 3.2";
			developmentRegion = English;
			hasScannedForEncodings = 0;
			knownRegions = (
				en,
				Base,
			);
			mainGroup = 03B37D591B1466510068D15F;
			productRefGroup = 03B37D631B1466510068D15F /* Products */;
			projectDirPath = "";
			projectRoot = "";
			targets = (
				03B37D611B1466510068D15F /* RACamera */,
				03B37D761B1466510068D15F /* RACameraTests */,
			);
		};
/* End PBXProject section */

/* Begin PBXResourcesBuildPhase section */
		03B37D601B1466510068D15F /* Resources */ = {
			isa = PBXResourcesBuildPhase;
			buildActionMask = 2147483647;
			files = (
				03B37D6D1B1466510068D15F /* Main.storyboard in Resources */,
				030FEF391B1DCC4A004C2F53 /* bee.png in Resources */,
				03B37D721B1466510068D15F /* LaunchScreen.xib in Resources */,
				03B37D6F1B1466510068D15F /* Images.xcassets in Resources */,
				03B37D8A1B1C1D890068D15F /* logo.png in Resources */,
			);
			runOnlyForDeploymentPostprocessing = 0;
		};
		03B37D751B1466510068D15F /* Resources */ = {
			isa = PBXResourcesBuildPhase;
			buildActionMask = 2147483647;
			files = (
			);
			runOnlyForDeploymentPostprocessing = 0;
		};
/* End PBXResourcesBuildPhase section */

/* Begin PBXSourcesBuildPhase section */
		03B37D5E1B1466510068D15F /* Sources */ = {
			isa = PBXSourcesBuildPhase;
			buildActionMask = 2147483647;
			files = (
				03B37D6A1B1466510068D15F /* ViewController.swift in Sources */,
				03B37D881B147E7D0068D15F /* RAFilter.swift in Sources */,
				03BDB4ED1B3A804900BD10F2 /* RAImage.swift in Sources */,
				03B37D681B1466510068D15F /* AppDelegate.swift in Sources */,
				03C335D01B5C93C40054CA1D /* RACamera.swift in Sources */,
			);
			runOnlyForDeploymentPostprocessing = 0;
		};
		03B37D731B1466510068D15F /* Sources */ = {
			isa = PBXSourcesBuildPhase;
			buildActionMask = 2147483647;
			files = (
				03B37D7E1B1466510068D15F /* RACameraTests.swift in Sources */,
			);
			runOnlyForDeploymentPostprocessing = 0;
		};
/* End PBXSourcesBuildPhase section */

/* Begin PBXTargetDependency section */
		03B37D791B1466510068D15F /* PBXTargetDependency */ = {
			isa = PBXTargetDependency;
			target = 03B37D611B1466510068D15F /* RACamera */;
			targetProxy = 03B37D781B1466510068D15F /* PBXContainerItemProxy */;
		};
/* End PBXTargetDependency section */

/* Begin PBXVariantGroup section */
		03B37D6B1B1466510068D15F /* Main.storyboard */ = {
			isa = PBXVariantGroup;
			children = (
				03B37D6C1B1466510068D15F /* Base */,
			);
			name = Main.storyboard;
			sourceTree = "<group>";
		};
		03B37D701B1466510068D15F /* LaunchScreen.xib */ = {
			isa = PBXVariantGroup;
			children = (
				03B37D711B1466510068D15F /* Base */,
			);
			name = LaunchScreen.xib;
			sourceTree = "<group>";
		};
/* End PBXVariantGroup section */

/* Begin XCBuildConfiguration section */
		03B37D7F1B1466510068D15F /* Debug */ = {
			isa = XCBuildConfiguration;
			buildSettings = {
				ALWAYS_SEARCH_USER_PATHS = NO;
				CLANG_CXX_LANGUAGE_STANDARD = "gnu++0x";
				CLANG_CXX_LIBRARY = "libc++";
				CLANG_ENABLE_MODULES = YES;
				CLANG_ENABLE_OBJC_ARC = YES;
				CLANG_WARN_BOOL_CONVERSION = YES;
				CLANG_WARN_CONSTANT_CONVERSION = YES;
				CLANG_WARN_DIRECT_OBJC_ISA_USAGE = YES_ERROR;
				CLANG_WARN_EMPTY_BODY = YES;
				CLANG_WARN_ENUM_CONVERSION = YES;
				CLANG_WARN_INT_CONVERSION = YES;
				CLANG_WARN_OBJC_ROOT_CLASS = YES_ERROR;
				CLANG_WARN_UNREACHABLE_CODE = YES;
				CLANG_WARN__DUPLICATE_METHOD_MATCH = YES;
				"CODE_SIGN_IDENTITY[sdk=iphoneos*]" = "iPhone Developer";
				COPY_PHASE_STRIP = NO;
				DEBUG_INFORMATION_FORMAT = "dwarf-with-dsym";
				ENABLE_STRICT_OBJC_MSGSEND = YES;
				ENABLE_TESTABILITY = YES;
				GCC_C_LANGUAGE_STANDARD = gnu99;
				GCC_DYNAMIC_NO_PIC = NO;
				GCC_NO_COMMON_BLOCKS = YES;
				GCC_OPTIMIZATION_LEVEL = 0;
				GCC_PREPROCESSOR_DEFINITIONS = (
					"DEBUG=1",
					"$(inherited)",
				);
				GCC_SYMBOLS_PRIVATE_EXTERN = NO;
				GCC_WARN_64_TO_32_BIT_CONVERSION = YES;
				GCC_WARN_ABOUT_RETURN_TYPE = YES_ERROR;
				GCC_WARN_UNDECLARED_SELECTOR = YES;
				GCC_WARN_UNINITIALIZED_AUTOS = YES_AGGRESSIVE;
				GCC_WARN_UNUSED_FUNCTION = YES;
				GCC_WARN_UNUSED_VARIABLE = YES;
				IPHONEOS_DEPLOYMENT_TARGET = 8.3;
				MTL_ENABLE_DEBUG_INFO = YES;
				ONLY_ACTIVE_ARCH = YES;
				SDKROOT = iphoneos;
				SWIFT_OPTIMIZATION_LEVEL = "-Onone";
				TARGETED_DEVICE_FAMILY = "1,2";
			};
			name = Debug;
		};
		03B37D801B1466510068D15F /* Release */ = {
			isa = XCBuildConfiguration;
			buildSettings = {
				ALWAYS_SEARCH_USER_PATHS = NO;
				CLANG_CXX_LANGUAGE_STANDARD = "gnu++0x";
				CLANG_CXX_LIBRARY = "libc++";
				CLANG_ENABLE_MODULES = YES;
				CLANG_ENABLE_OBJC_ARC = YES;
				CLANG_WARN_BOOL_CONVERSION = YES;
				CLANG_WARN_CONSTANT_CONVERSION = YES;
				CLANG_WARN_DIRECT_OBJC_ISA_USAGE = YES_ERROR;
				CLANG_WARN_EMPTY_BODY = YES;
				CLANG_WARN_ENUM_CONVERSION = YES;
				CLANG_WARN_INT_CONVERSION = YES;
				CLANG_WARN_OBJC_ROOT_CLASS = YES_ERROR;
				CLANG_WARN_UNREACHABLE_CODE = YES;
				CLANG_WARN__DUPLICATE_METHOD_MATCH = YES;
				"CODE_SIGN_IDENTITY[sdk=iphoneos*]" = "iPhone Developer";
				COPY_PHASE_STRIP = NO;
				DEBUG_INFORMATION_FORMAT = "dwarf-with-dsym";
				ENABLE_NS_ASSERTIONS = NO;
				ENABLE_STRICT_OBJC_MSGSEND = YES;
				GCC_C_LANGUAGE_STANDARD = gnu99;
				GCC_NO_COMMON_BLOCKS = YES;
				GCC_WARN_64_TO_32_BIT_CONVERSION = YES;
				GCC_WARN_ABOUT_RETURN_TYPE = YES_ERROR;
				GCC_WARN_UNDECLARED_SELECTOR = YES;
				GCC_WARN_UNINITIALIZED_AUTOS = YES_AGGRESSIVE;
				GCC_WARN_UNUSED_FUNCTION = YES;
				GCC_WARN_UNUSED_VARIABLE = YES;
				IPHONEOS_DEPLOYMENT_TARGET = 8.3;
				MTL_ENABLE_DEBUG_INFO = NO;
				SDKROOT = iphoneos;
				TARGETED_DEVICE_FAMILY = "1,2";
				VALIDATE_PRODUCT = YES;
			};
			name = Release;
		};
		03B37D821B1466510068D15F /* Debug */ = {
			isa = XCBuildConfiguration;
			buildSettings = {
				ASSETCATALOG_COMPILER_APPICON_NAME = AppIcon;
				CODE_SIGN_IDENTITY = "iPhone Developer";
				INFOPLIST_FILE = RACamera/Info.plist;
				IPHONEOS_DEPLOYMENT_TARGET = 9.0;
				LD_RUNPATH_SEARCH_PATHS = "$(inherited) @executable_path/Frameworks";
				PRODUCT_BUNDLE_IDENTIFIER = "net.redapricot.$(PRODUCT_NAME:rfc1034identifier)";
				PRODUCT_NAME = "$(TARGET_NAME)";
			};
			name = Debug;
		};
		03B37D831B1466510068D15F /* Release */ = {
			isa = XCBuildConfiguration;
			buildSettings = {
				ASSETCATALOG_COMPILER_APPICON_NAME = AppIcon;
				CODE_SIGN_IDENTITY = "iPhone Developer";
				INFOPLIST_FILE = RACamera/Info.plist;
				IPHONEOS_DEPLOYMENT_TARGET = 9.0;
				LD_RUNPATH_SEARCH_PATHS = "$(inherited) @executable_path/Frameworks";
				PRODUCT_BUNDLE_IDENTIFIER = "net.redapricot.$(PRODUCT_NAME:rfc1034identifier)";
				PRODUCT_NAME = "$(TARGET_NAME)";
			};
			name = Release;
		};
		03B37D851B1466510068D15F /* Debug */ = {
			isa = XCBuildConfiguration;
			buildSettings = {
				BUNDLE_LOADER = "$(TEST_HOST)";
				FRAMEWORK_SEARCH_PATHS = (
					"$(SDKROOT)/Developer/Library/Frameworks",
					"$(inherited)",
				);
				GCC_PREPROCESSOR_DEFINITIONS = (
					"DEBUG=1",
					"$(inherited)",
				);
				INFOPLIST_FILE = RACameraTests/Info.plist;
				LD_RUNPATH_SEARCH_PATHS = "$(inherited) @executable_path/Frameworks @loader_path/Frameworks";
				PRODUCT_BUNDLE_IDENTIFIER = "net.redapricot.$(PRODUCT_NAME:rfc1034identifier)";
				PRODUCT_NAME = "$(TARGET_NAME)";
				TEST_HOST = "$(BUILT_PRODUCTS_DIR)/RACamera.app/RACamera";
			};
			name = Debug;
		};
		03B37D861B1466510068D15F /* Release */ = {
			isa = XCBuildConfiguration;
			buildSettings = {
				BUNDLE_LOADER = "$(TEST_HOST)";
				FRAMEWORK_SEARCH_PATHS = (
					"$(SDKROOT)/Developer/Library/Frameworks",
					"$(inherited)",
				);
				INFOPLIST_FILE = RACameraTests/Info.plist;
				LD_RUNPATH_SEARCH_PATHS = "$(inherited) @executable_path/Frameworks @loader_path/Frameworks";
				PRODUCT_BUNDLE_IDENTIFIER = "net.redapricot.$(PRODUCT_NAME:rfc1034identifier)";
				PRODUCT_NAME = "$(TARGET_NAME)";
				TEST_HOST = "$(BUILT_PRODUCTS_DIR)/RACamera.app/RACamera";
			};
			name = Release;
		};
/* End XCBuildConfiguration section */

/* Begin XCConfigurationList section */
		03B37D5D1B1466510068D15F /* Build configuration list for PBXProject "RACamera" */ = {
			isa = XCConfigurationList;
			buildConfigurations = (
				03B37D7F1B1466510068D15F /* Debug */,
				03B37D801B1466510068D15F /* Release */,
			);
			defaultConfigurationIsVisible = 0;
			defaultConfigurationName = Release;
		};
		03B37D811B1466510068D15F /* Build configuration list for PBXNativeTarget "RACamera" */ = {
			isa = XCConfigurationList;
			buildConfigurations = (
				03B37D821B1466510068D15F /* Debug */,
				03B37D831B1466510068D15F /* Release */,
			);
			defaultConfigurationIsVisible = 0;
			defaultConfigurationName = Release;
		};
		03B37D841B1466510068D15F /* Build configuration list for PBXNativeTarget "RACameraTests" */ = {
			isa = XCConfigurationList;
			buildConfigurations = (
				03B37D851B1466510068D15F /* Debug */,
				03B37D861B1466510068D15F /* Release */,
			);
			defaultConfigurationIsVisible = 0;
			defaultConfigurationName = Release;
		};
/* End XCConfigurationList section */
	};
	rootObject = 03B37D5A1B1466510068D15F /* Project object */;
}
